
Microsoft Visual Studio Solution File, Format Version 12.00
# Visual Studio 15
VisualStudioVersion = 15.0.28010.2046
MinimumVisualStudioVersion = 10.0.40219.1
Project("{FAE04EC0-301F-11D3-BF4B-00C04F79EFBC}") = "LR№4-5", "LR№4-5\LR№4-5.csproj", "{57B033A9-CF00-4DCA-A1F5-FF4B1FC2D876}"
EndProject
Global
	GlobalSection(SolutionConfigurationPlatforms) = preSolution
		Debug|Any CPU = Debug|Any CPU
		Release|Any CPU = Release|Any CPU
	EndGlobalSection
	GlobalSection(ProjectConfigurationPlatforms) = postSolution
		{57B033A9-CF00-4DCA-A1F5-FF4B1FC2D876}.Debug|Any CPU.ActiveCfg = Debug|Any CPU
		{57B033A9-CF00-4DCA-A1F5-FF4B1FC2D876}.Debug|Any CPU.Build.0 = Debug|Any CPU
		{57B033A9-CF00-4DCA-A1F5-FF4B1FC2D876}.Release|Any CPU.ActiveCfg = Release|Any CPU
		{57B033A9-CF00-4DCA-A1F5-FF4B1FC2D876}.Release|Any CPU.Build.0 = Release|Any CPU
	EndGlobalSection
	GlobalSection(SolutionProperties) = preSolution
		HideSolutionNode = FALSE
	EndGlobalSection
	GlobalSection(ExtensibilityGlobals) = postSolution
		SolutionGuid = {C914005C-29C0-4A16-8243-23ECCAD1099C}
	EndGlobalSection
EndGlobal
